<?xml version="1.0" encoding="utf-8"?>
<Project ToolsVersion="4.0" xmlns="http://schemas.microsoft.com/developer/msbuild/2003">
  <ItemGroup>
    <Filter Include="Source Files">
      <UniqueIdentifier>{4FC737F1-C7A5-4376-A066-2A32D752A2FF}</UniqueIdentifier>
      <Extensions>cpp;c;cc;cxx;c++;cppm;ixx;def;odl;idl;hpj;bat;asm;asmx</Extensions>
    </Filter>
    <Filter Include="Header Files">
      <UniqueIdentifier>{93995380-89BD-4b04-88EB-625FBE52EBFB}</UniqueIdentifier>
      <Extensions>h;hh;hpp;hxx;h++;hm;inl;inc;ipp;xsd</Extensions>
    </Filter>
    <Filter Include="Resource Files">
      <UniqueIdentifier>{67DA6AB6-F800-4c08-8B7A-83BB121AAD01}</UniqueIdentifier>
      <Extensions>rc;ico;cur;bmp;dlg;rc2;rct;bin;rgs;gif;jpg;jpeg;jpe;resx;tiff;tif;png;wav;mfcribbon-ms</Extensions>
    </Filter>
  </ItemGroup>
  <ItemGroup>
    <ClCompile Include="src\main.cpp">
      <Filter>Source Files</Filter>
    </ClCompile>
    <ClCompile Include="src\lexer.cpp">
      <Filter>Source Files</Filter>
    </ClCompile>
    <ClCompile Include="src\trieTree.cpp">
      <Filter>Source Files</Filter>
    </ClCompile>
    <ClCompile Include="src\debug.cpp">
      <Filter>Header Files</Filter>
    </ClCompile>
    <ClCompile Include="src\parser.cpp">
      <Filter>Source Files</Filter>
    </ClCompile>
    <ClCompile Include="include\evaluation_impl.h">
      <Filter>Source Files</Filter>
    </ClCompile>
    <ClCompile Include="src\initialization.cpp">
      <Filter>Source Files</Filter>
    </ClCompile>
    <ClCompile Include="src\nodeFactory.cpp">
      <Filter>Source Files</Filter>
    </ClCompile>
  </ItemGroup>
  <ItemGroup>
    <ClInclude Include="include\lexer.h">
      <Filter>Header Files</Filter>
    </ClInclude>
    <ClInclude Include="include\trieTree.h">
      <Filter>Header Files</Filter>
    </ClInclude>
    <ClInclude Include="include\parser.h">
      <Filter>Header Files</Filter>
    </ClInclude>
    <ClInclude Include="include\evaluation.h">
      <Filter>Header Files</Filter>
    </ClInclude>
    <ClInclude Include="include\result.h">
      <Filter>Header Files</Filter>
    </ClInclude>
    <ClInclude Include="include\initialization.h">
      <Filter>Header Files</Filter>
    </ClInclude>
    <ClInclude Include="include\initialization_impl.h">
      <Filter>Header Files</Filter>
    </ClInclude>
    <ClInclude Include="include\nodeFactory.h">
      <Filter>Header Files</Filter>
    </ClInclude>
    <ClInclude Include="include\multiprecision\concepts\mp_number_archetypes.hpp">
      <Filter>Header Files</Filter>
    </ClInclude>
    <ClInclude Include="include\multiprecision\cpp_bin_float\io.hpp">
      <Filter>Header Files</Filter>
    </ClInclude>
    <ClInclude Include="include\multiprecision\cpp_bin_float\transcendental.hpp">
      <Filter>Header Files</Filter>
    </ClInclude>
    <ClInclude Include="include\multiprecision\cpp_int\add.hpp">
      <Filter>Header Files</Filter>
    </ClInclude>
    <ClInclude Include="include\multiprecision\cpp_int\add_unsigned.hpp">
      <Filter>Header Files</Filter>
    </ClInclude>
    <ClInclude Include="include\multiprecision\cpp_int\bitwise.hpp">
      <Filter>Header Files</Filter>
    </ClInclude>
    <ClInclude Include="include\multiprecision\cpp_int\checked.hpp">
      <Filter>Header Files</Filter>
    </ClInclude>
    <ClInclude Include="include\multiprecision\cpp_int\comparison.hpp">
      <Filter>Header Files</Filter>
    </ClInclude>
    <ClInclude Include="include\multiprecision\cpp_int\cpp_int_config.hpp">
      <Filter>Header Files</Filter>
    </ClInclude>
    <ClInclude Include="include\multiprecision\cpp_int\divide.hpp">
      <Filter>Header Files</Filter>
    </ClInclude>
    <ClInclude Include="include\multiprecision\cpp_int\import_export.hpp">
      <Filter>Header Files</Filter>
    </ClInclude>
    <ClInclude Include="include\multiprecision\cpp_int\intel_intrinsics.hpp">
      <Filter>Header Files</Filter>
    </ClInclude>
    <ClInclude Include="include\multiprecision\cpp_int\limits.hpp">
      <Filter>Header Files</Filter>
    </ClInclude>
    <ClInclude Include="include\multiprecision\cpp_int\literals.hpp">
      <Filter>Header Files</Filter>
    </ClInclude>
    <ClInclude Include="include\multiprecision\cpp_int\misc.hpp">
      <Filter>Header Files</Filter>
    </ClInclude>
    <ClInclude Include="include\multiprecision\cpp_int\multiply.hpp">
      <Filter>Header Files</Filter>
    </ClInclude>
    <ClInclude Include="include\multiprecision\cpp_int\serialize.hpp">
      <Filter>Header Files</Filter>
    </ClInclude>
    <ClInclude Include="include\multiprecision\cpp_int\value_pack.hpp">
      <Filter>Header Files</Filter>
    </ClInclude>
    <ClInclude Include="include\multiprecision\detail\functions\constants.hpp">
      <Filter>Header Files</Filter>
    </ClInclude>
    <ClInclude Include="include\multiprecision\detail\functions\pow.hpp">
      <Filter>Header Files</Filter>
    </ClInclude>
    <ClInclude Include="include\multiprecision\detail\functions\trig.hpp">
      <Filter>Header Files</Filter>
    </ClInclude>
    <ClInclude Include="include\multiprecision\detail\functions\trunc.hpp">
      <Filter>Header Files</Filter>
    </ClInclude>
    <ClInclude Include="include\multiprecision\detail\assert.hpp">
      <Filter>Header Files</Filter>
    </ClInclude>
    <ClInclude Include="include\multiprecision\detail\atomic.hpp">
      <Filter>Header Files</Filter>
    </ClInclude>
    <ClInclude Include="include\multiprecision\detail\bitscan.hpp">
      <Filter>Header Files</Filter>
    </ClInclude>
    <ClInclude Include="include\multiprecision\detail\check_cpp11_config.hpp">
      <Filter>Header Files</Filter>
    </ClInclude>
    <ClInclude Include="include\multiprecision\detail\constexpr.hpp">
      <Filter>Header Files</Filter>
    </ClInclude>
    <ClInclude Include="include\multiprecision\detail\default_ops.hpp">
      <Filter>Header Files</Filter>
    </ClInclude>
    <ClInclude Include="include\multiprecision\detail\digits.hpp">
      <Filter>Header Files</Filter>
    </ClInclude>
    <ClInclude Include="include\multiprecision\detail\dynamic_array.hpp">
      <Filter>Header Files</Filter>
    </ClInclude>
    <ClInclude Include="include\multiprecision\detail\empty_value.hpp">
      <Filter>Header Files</Filter>
    </ClInclude>
    <ClInclude Include="include\multiprecision\detail\endian.hpp">
      <Filter>Header Files</Filter>
    </ClInclude>
    <ClInclude Include="include\multiprecision\detail\et_ops.hpp">
      <Filter>Header Files</Filter>
    </ClInclude>
    <ClInclude Include="include\multiprecision\detail\float_string_cvt.hpp">
      <Filter>Header Files</Filter>
    </ClInclude>
    <ClInclude Include="include\multiprecision\detail\float128_functions.hpp">
      <Filter>Header Files</Filter>
    </ClInclude>
    <ClInclude Include="include\multiprecision\detail\fpclassify.hpp">
      <Filter>Header Files</Filter>
    </ClInclude>
    <ClInclude Include="include\multiprecision\detail\generic_interconvert.hpp">
      <Filter>Header Files</Filter>
    </ClInclude>
    <ClInclude Include="include\multiprecision\detail\hash.hpp">
      <Filter>Header Files</Filter>
    </ClInclude>
    <ClInclude Include="include\multiprecision\detail\integer_ops.hpp">
      <Filter>Header Files</Filter>
    </ClInclude>
    <ClInclude Include="include\multiprecision\detail\itos.hpp">
      <Filter>Header Files</Filter>
    </ClInclude>
    <ClInclude Include="include\multiprecision\detail\min_max.hpp">
      <Filter>Header Files</Filter>
    </ClInclude>
    <ClInclude Include="include\multiprecision\detail\no_et_ops.hpp">
      <Filter>Header Files</Filter>
    </ClInclude>
    <ClInclude Include="include\multiprecision\detail\no_exceptions_support.hpp">
      <Filter>Header Files</Filter>
    </ClInclude>
    <ClInclude Include="include\multiprecision\detail\number_base.hpp">
      <Filter>Header Files</Filter>
    </ClInclude>
    <ClInclude Include="include\multiprecision\detail\number_compare.hpp">
      <Filter>Header Files</Filter>
    </ClInclude>
    <ClInclude Include="include\multiprecision\detail\precision.hpp">
      <Filter>Header Files</Filter>
    </ClInclude>
    <ClInclude Include="include\multiprecision\detail\rebind.hpp">
      <Filter>Header Files</Filter>
    </ClInclude>
    <ClInclude Include="include\multiprecision\detail\standalone_config.hpp">
      <Filter>Header Files</Filter>
    </ClInclude>
    <ClInclude Include="include\multiprecision\detail\static_array.hpp">
      <Filter>Header Files</Filter>
    </ClInclude>
    <ClInclude Include="include\multiprecision\detail\string_helpers.hpp">
      <Filter>Header Files</Filter>
    </ClInclude>
    <ClInclude Include="include\multiprecision\detail\tables.hpp">
      <Filter>Header Files</Filter>
    </ClInclude>
    <ClInclude Include="include\multiprecision\detail\ublas_interop.hpp">
      <Filter>Header Files</Filter>
    </ClInclude>
    <ClInclude Include="include\multiprecision\detail\uniform_int_distribution.hpp">
      <Filter>Header Files</Filter>
    </ClInclude>
    <ClInclude Include="include\multiprecision\detail\utype_helper.hpp">
      <Filter>Header Files</Filter>
    </ClInclude>
    <ClInclude Include="include\multiprecision\traits\explicit_conversion.hpp">
      <Filter>Header Files</Filter>
    </ClInclude>
    <ClInclude Include="include\multiprecision\traits\extract_exponent_type.hpp">
      <Filter>Header Files</Filter>
    </ClInclude>
    <ClInclude Include="include\multiprecision\traits\is_backend.hpp">
      <Filter>Header Files</Filter>
    </ClInclude>
    <ClInclude Include="include\multiprecision\traits\is_byte_container.hpp">
      <Filter>Header Files</Filter>
    </ClInclude>
    <ClInclude Include="include\multiprecision\traits\is_complex.hpp">
      <Filter>Header Files</Filter>
    </ClInclude>
    <ClInclude Include="include\multiprecision\traits\is_convertible_arithmetic.hpp">
      <Filter>Header Files</Filter>
    </ClInclude>
    <ClInclude Include="include\multiprecision\traits\is_restricted_conversion.hpp">
      <Filter>Header Files</Filter>
    </ClInclude>
    <ClInclude Include="include\multiprecision\traits\is_variable_precision.hpp">
      <Filter>Header Files</Filter>
    </ClInclude>
    <ClInclude Include="include\multiprecision\traits\max_digits10.hpp">
      <Filter>Header Files</Filter>
    </ClInclude>
    <ClInclude Include="include\multiprecision\traits\std_integer_traits.hpp">
      <Filter>Header Files</Filter>
    </ClInclude>
    <ClInclude Include="include\multiprecision\traits\transcendental_reduction_type.hpp">
      <Filter>Header Files</Filter>
    </ClInclude>
    <ClInclude Include="include\multiprecision\complex_adaptor.hpp">
      <Filter>Header Files</Filter>
    </ClInclude>
    <ClInclude Include="include\multiprecision\complex128.hpp">
      <Filter>Header Files</Filter>
    </ClInclude>
    <ClInclude Include="include\multiprecision\cpp_bin_float.hpp">
      <Filter>Header Files</Filter>
    </ClInclude>
    <ClInclude Include="include\multiprecision\cpp_complex.hpp">
      <Filter>Header Files</Filter>
    </ClInclude>
    <ClInclude Include="include\multiprecision\cpp_dec_float.hpp">
      <Filter>Header Files</Filter>
    </ClInclude>
    <ClInclude Include="include\multiprecision\cpp_int.hpp">
      <Filter>Header Files</Filter>
    </ClInclude>
    <ClInclude Include="include\multiprecision\debug_adaptor.hpp">
      <Filter>Header Files</Filter>
    </ClInclude>
    <ClInclude Include="include\multiprecision\eigen.hpp">
      <Filter>Header Files</Filter>
    </ClInclude>
    <ClInclude Include="include\multiprecision\float128.hpp">
      <Filter>Header Files</Filter>
    </ClInclude>
    <ClInclude Include="include\multiprecision\fwd.hpp">
      <Filter>Header Files</Filter>
    </ClInclude>
    <ClInclude Include="include\multiprecision\gmp.hpp">
      <Filter>Header Files</Filter>
    </ClInclude>
    <ClInclude Include="include\multiprecision\integer.hpp">
      <Filter>Header Files</Filter>
    </ClInclude>
    <ClInclude Include="include\multiprecision\logged_adaptor.hpp">
      <Filter>Header Files</Filter>
    </ClInclude>
    <ClInclude Include="include\multiprecision\miller_rabin.hpp">
      <Filter>Header Files</Filter>
    </ClInclude>
    <ClInclude Include="include\multiprecision\mpc.hpp">
      <Filter>Header Files</Filter>
    </ClInclude>
    <ClInclude Include="include\multiprecision\mpfi.hpp">
      <Filter>Header Files</Filter>
    </ClInclude>
    <ClInclude Include="include\multiprecision\mpfr.hpp">
      <Filter>Header Files</Filter>
    </ClInclude>
    <ClInclude Include="include\multiprecision\number.hpp">
      <Filter>Header Files</Filter>
    </ClInclude>
    <ClInclude Include="include\multiprecision\random.hpp">
      <Filter>Header Files</Filter>
    </ClInclude>
    <ClInclude Include="include\multiprecision\rational_adaptor.hpp">
      <Filter>Header Files</Filter>
    </ClInclude>
    <ClInclude Include="include\multiprecision\tommath.hpp">
      <Filter>Header Files</Filter>
    </ClInclude>
    <ClInclude Include="include\runtimeType.h">
      <Filter>Header Files</Filter>
    </ClInclude>
    <ClInclude Include="include\runtimeTypedExprComponent.h">
      <Filter>Header Files</Filter>
    </ClInclude>
    <ClInclude Include="include\runtimeTypedExprComponent_impl_lambda.h">
      <Filter>Header Files</Filter>
    </ClInclude>
    <ClInclude Include="include\runtimeTypedExprComponent_impl_number.h">
      <Filter>Header Files</Filter>
    </ClInclude>
    <ClInclude Include="include\runtimeTypedExprComponent_impl_storage.h">
      <Filter>Header Files</Filter>
    </ClInclude>
    <ClInclude Include="include\runtimeTypeExprComponent_impl_utility.h">
      <Filter>Header Files</Filter>
    </ClInclude>
    <ClInclude Include="include\runtimeType_impl.h">
      <Filter>Header Files</Filter>
    </ClInclude>
  </ItemGroup>
</Project>